
Microsoft Visual Studio Solution File, Format Version 11.00
# Visual Studio 2010
Project("{FAE04EC0-301F-11D3-BF4B-00C04F79EFBC}") = "ExtApi.Engine", "ExtApi.Engine\ExtApi.Engine.csproj", "{434CDCC2-B28C-4D43-B69A-E55538AA9744}"
EndProject
Project("{FAE04EC0-301F-11D3-BF4B-00C04F79EFBC}") = "ExtApi.Tester", "ExtApi.Tester\ExtApi.Tester.csproj", "{9933A6AF-6D33-49F5-A0E1-A27338101789}"
EndProject
Global
	GlobalSection(SolutionConfigurationPlatforms) = preSolution
		Debug|Any CPU = Debug|Any CPU
		Debug|Mixed Platforms = Debug|Mixed Platforms
		Debug|x86 = Debug|x86
		Release|Any CPU = Release|Any CPU
		Release|Mixed Platforms = Release|Mixed Platforms
		Release|x86 = Release|x86
	EndGlobalSection
	GlobalSection(ProjectConfigurationPlatforms) = postSolution
		{434CDCC2-B28C-4D43-B69A-E55538AA9744}.Debug|Any CPU.ActiveCfg = Debug|Any CPU
		{434CDCC2-B28C-4D43-B69A-E55538AA9744}.Debug|Any CPU.Build.0 = Debug|Any CPU
		{434CDCC2-B28C-4D43-B69A-E55538AA9744}.Debug|Mixed Platforms.ActiveCfg = Debug|Any CPU
		{434CDCC2-B28C-4D43-B69A-E55538AA9744}.Debug|Mixed Platforms.Build.0 = Debug|Any CPU
		{434CDCC2-B28C-4D43-B69A-E55538AA9744}.Debug|x86.ActiveCfg = Debug|Any CPU
		{434CDCC2-B28C-4D43-B69A-E55538AA9744}.Release|Any CPU.ActiveCfg = Release|Any CPU
		{434CDCC2-B28C-4D43-B69A-E55538AA9744}.Release|Any CPU.Build.0 = Release|Any CPU
		{434CDCC2-B28C-4D43-B69A-E55538AA9744}.Release|Mixed Platforms.ActiveCfg = Release|Any CPU
		{434CDCC2-B28C-4D43-B69A-E55538AA9744}.Release|Mixed Platforms.Build.0 = Release|Any CPU
		{434CDCC2-B28C-4D43-B69A-E55538AA9744}.Release|x86.ActiveCfg = Release|Any CPU
		{9933A6AF-6D33-49F5-A0E1-A27338101789}.Debug|Any CPU.ActiveCfg = Debug|x86
		{9933A6AF-6D33-49F5-A0E1-A27338101789}.Debug|Mixed Platforms.ActiveCfg = Debug|x86
		{9933A6AF-6D33-49F5-A0E1-A27338101789}.Debug|Mixed Platforms.Build.0 = Debug|x86
		{9933A6AF-6D33-49F5-A0E1-A27338101789}.Debug|x86.ActiveCfg = Debug|x86
		{9933A6AF-6D33-49F5-A0E1-A27338101789}.Debug|x86.Build.0 = Debug|x86
		{9933A6AF-6D33-49F5-A0E1-A27338101789}.Release|Any CPU.ActiveCfg = Release|x86
		{9933A6AF-6D33-49F5-A0E1-A27338101789}.Release|Mixed Platforms.ActiveCfg = Release|x86
		{9933A6AF-6D33-49F5-A0E1-A27338101789}.Release|Mixed Platforms.Build.0 = Release|x86
		{9933A6AF-6D33-49F5-A0E1-A27338101789}.Release|x86.ActiveCfg = Release|x86
		{9933A6AF-6D33-49F5-A0E1-A27338101789}.Release|x86.Build.0 = Release|x86
	EndGlobalSection
	GlobalSection(SolutionProperties) = preSolution
		HideSolutionNode = FALSE
	EndGlobalSection
EndGlobal
